
Microsoft Visual Studio Solution File, Format Version 12.00
# Visual Studio Version 17
VisualStudioVersion = 17.3.32929.385
MinimumVisualStudioVersion = 10.0.40219.1
Project("{FAE04EC0-301F-11D3-BF4B-00C04F79EFBC}") = "ConsoleApp5", "ConsoleApp5\ConsoleApp5.csproj", "{B1DBDF9A-17EE-4FCA-B830-2408F3219847}"
EndProject
Global
	GlobalSection(SolutionConfigurationPlatforms) = preSolution
		Debug|Any CPU = Debug|Any CPU
		Release|Any CPU = Release|Any CPU
	EndGlobalSection
	GlobalSection(ProjectConfigurationPlatforms) = postSolution
		{B1DBDF9A-17EE-4FCA-B830-2408F3219847}.Debug|Any CPU.ActiveCfg = Debug|Any CPU
		{B1DBDF9A-17EE-4FCA-B830-2408F3219847}.Debug|Any CPU.Build.0 = Debug|Any CPU
		{B1DBDF9A-17EE-4FCA-B830-2408F3219847}.Release|Any CPU.ActiveCfg = Release|Any CPU
		{B1DBDF9A-17EE-4FCA-B830-2408F3219847}.Release|Any CPU.Build.0 = Release|Any CPU
	EndGlobalSection
	GlobalSection(SolutionProperties) = preSolution
		HideSolutionNode = FALSE
	EndGlobalSection
	GlobalSection(ExtensibilityGlobals) = postSolution
		SolutionGuid = {721CAB51-8304-430B-875C-23A43F571C3B}
	EndGlobalSection
EndGlobal
